
Microsoft Visual Studio Solution File, Format Version 12.00
# Visual Studio Version 16
VisualStudioVersion = 16.0.31613.86
MinimumVisualStudioVersion = 10.0.40219.1
Project("{FAE04EC0-301F-11D3-BF4B-00C04F79EFBC}") = "InventoryManager", "InventoryManager\InventoryManager.csproj", "{182C5424-9EAF-4380-86EB-C0DBD62DA04D}"
EndProject
Project("{FAE04EC0-301F-11D3-BF4B-00C04F79EFBC}") = "InventoryManager.Data", "InventoryManager.Data\InventoryManager.Data.csproj", "{415D1930-8805-4A6A-9636-773A90D7B6BB}"
EndProject
Project("{FAE04EC0-301F-11D3-BF4B-00C04F79EFBC}") = "InventoryManager.Services", "InventoryManager.Services\InventoryManager.Services.csproj", "{BB3295CF-3AAE-486F-805F-28799E86FFB4}"
EndProject
Global
	GlobalSection(SolutionConfigurationPlatforms) = preSolution
		Debug|Any CPU = Debug|Any CPU
		Release|Any CPU = Release|Any CPU
	EndGlobalSection
	GlobalSection(ProjectConfigurationPlatforms) = postSolution
		{182C5424-9EAF-4380-86EB-C0DBD62DA04D}.Debug|Any CPU.ActiveCfg = Debug|Any CPU
		{182C5424-9EAF-4380-86EB-C0DBD62DA04D}.Debug|Any CPU.Build.0 = Debug|Any CPU
		{182C5424-9EAF-4380-86EB-C0DBD62DA04D}.Release|Any CPU.ActiveCfg = Release|Any CPU
		{182C5424-9EAF-4380-86EB-C0DBD62DA04D}.Release|Any CPU.Build.0 = Release|Any CPU
		{415D1930-8805-4A6A-9636-773A90D7B6BB}.Debug|Any CPU.ActiveCfg = Debug|Any CPU
		{415D1930-8805-4A6A-9636-773A90D7B6BB}.Debug|Any CPU.Build.0 = Debug|Any CPU
		{415D1930-8805-4A6A-9636-773A90D7B6BB}.Release|Any CPU.ActiveCfg = Release|Any CPU
		{415D1930-8805-4A6A-9636-773A90D7B6BB}.Release|Any CPU.Build.0 = Release|Any CPU
		{BB3295CF-3AAE-486F-805F-28799E86FFB4}.Debug|Any CPU.ActiveCfg = Debug|Any CPU
		{BB3295CF-3AAE-486F-805F-28799E86FFB4}.Debug|Any CPU.Build.0 = Debug|Any CPU
		{BB3295CF-3AAE-486F-805F-28799E86FFB4}.Release|Any CPU.ActiveCfg = Release|Any CPU
		{BB3295CF-3AAE-486F-805F-28799E86FFB4}.Release|Any CPU.Build.0 = Release|Any CPU
	EndGlobalSection
	GlobalSection(SolutionProperties) = preSolution
		HideSolutionNode = FALSE
	EndGlobalSection
	GlobalSection(ExtensibilityGlobals) = postSolution
		SolutionGuid = {FB2E1149-2E99-4920-BD8F-7882D6DEE876}
	EndGlobalSection
EndGlobal
